github.com/junk1tm/log v0.4.0 h1:4ssBXXEqccXM5ubvqejREAlVFYeYhMkPkQtt1nXrpeQ=
github.com/junk1tm/log v0.4.0/go.mod h1:YTQiXLHm1J7kIVxh8ggoBX4IHHcDtjN47pjjfZLZos0=
github.com/junk1tm/log v0.5.0 h1:1SutjTbWIhT0gM5tq/B7Qxxb0yB3eufXkw4Ln4dsDVg=
github.com/junk1tm/log v0.5.0/go.mod h1:YTQiXLHm1J7kIVxh8ggoBX4IHHcDtjN47pjjfZLZos0=
